// !$*UTF8*$!
{
	archiveVersion = 1;
	classes = {
	};
	objectVersion = 46;
	objects = {

/* Begin PBXBuildFile section */
		036701581913F20800061E4E /* Foundation.framework in Frameworks */ = {isa = PBXBuildFile; fileRef = 036701571913F20800061E4E /* Foundation.framework */; };
		0367015A1913F20800061E4E /* CoreGraphics.framework in Frameworks */ = {isa = PBXBuildFile; fileRef = 036701591913F20800061E4E /* CoreGraphics.framework */; };
		0367015C1913F20800061E4E /* UIKit.framework in Frameworks */ = {isa = PBXBuildFile; fileRef = 0367015B1913F20800061E4E /* UIKit.framework */; };
		036701621913F20800061E4E /* InfoPlist.strings in Resources */ = {isa = PBXBuildFile; fileRef = 036701601913F20800061E4E /* InfoPlist.strings */; };
		036701641913F20800061E4E /* main.m in Sources */ = {isa = PBXBuildFile; fileRef = 036701631913F20800061E4E /* main.m */; };
		036701681913F20800061E4E /* AppDelegate.m in Sources */ = {isa = PBXBuildFile; fileRef = 036701671913F20800061E4E /* AppDelegate.m */; };
		0367016B1913F20800061E4E /* Main_iPhone.storyboard in Resources */ = {isa = PBXBuildFile; fileRef = 036701691913F20800061E4E /* Main_iPhone.storyboard */; };
		0367016E1913F20800061E4E /* Main_iPad.storyboard in Resources */ = {isa = PBXBuildFile; fileRef = 0367016C1913F20800061E4E /* Main_iPad.storyboard */; };
		036701711913F20800061E4E /* ViewController.m in Sources */ = {isa = PBXBuildFile; fileRef = 036701701913F20800061E4E /* ViewController.m */; };
		036701731913F20800061E4E /* Images.xcassets in Resources */ = {isa = PBXBuildFile; fileRef = 036701721913F20800061E4E /* Images.xcassets */; };
		0367017A1913F20800061E4E /* XCTest.framework in Frameworks */ = {isa = PBXBuildFile; fileRef = 036701791913F20800061E4E /* XCTest.framework */; };
		0367017B1913F20800061E4E /* Foundation.framework in Frameworks */ = {isa = PBXBuildFile; fileRef = 036701571913F20800061E4E /* Foundation.framework */; };
		0367017C1913F20800061E4E /* UIKit.framework in Frameworks */ = {isa = PBXBuildFile; fileRef = 0367015B1913F20800061E4E /* UIKit.framework */; };
		036701841913F20800061E4E /* InfoPlist.strings in Resources */ = {isa = PBXBuildFile; fileRef = 036701821913F20800061E4E /* InfoPlist.strings */; };
		036701861913F20800061E4E /* ShoppingBagTests.m in Sources */ = {isa = PBXBuildFile; fileRef = 036701851913F20800061E4E /* ShoppingBagTests.m */; };
		036701901913F2A400061E4E /* TesseractOCR.framework in Frameworks */ = {isa = PBXBuildFile; fileRef = 0367018F1913F2A400061E4E /* TesseractOCR.framework */; };
		036701921913F33C00061E4E /* libstdc++.6.0.9.dylib in Frameworks */ = {isa = PBXBuildFile; fileRef = 036701911913F33C00061E4E /* libstdc++.6.0.9.dylib */; };
		036701981913F50300061E4E /* eng.traineddata in Resources */ = {isa = PBXBuildFile; fileRef = 036701941913F50300061E4E /* eng.traineddata */; };
		036701991913F50300061E4E /* equ.traineddata in Resources */ = {isa = PBXBuildFile; fileRef = 036701951913F50300061E4E /* equ.traineddata */; };
		0367019A1913F50300061E4E /* grc.traineddata in Resources */ = {isa = PBXBuildFile; fileRef = 036701961913F50300061E4E /* grc.traineddata */; };
		0367019B1913F50300061E4E /* ita.traineddata in Resources */ = {isa = PBXBuildFile; fileRef = 036701971913F50300061E4E /* ita.traineddata */; };
/* End PBXBuildFile section */

/* Begin PBXContainerItemProxy section */
		0367017D1913F20800061E4E /* PBXContainerItemProxy */ = {
			isa = PBXContainerItemProxy;
			containerPortal = 0367014C1913F20800061E4E /* Project object */;
			proxyType = 1;
			remoteGlobalIDString = 036701531913F20800061E4E;
			remoteInfo = ShoppingBag;
		};
/* End PBXContainerItemProxy section */

/* Begin PBXFileReference section */
		036701541913F20800061E4E /* ShoppingBag.app */ = {isa = PBXFileReference; explicitFileType = wrapper.application; includeInIndex = 0; path = ShoppingBag.app; sourceTree = BUILT_PRODUCTS_DIR; };
		036701571913F20800061E4E /* Foundation.framework */ = {isa = PBXFileReference; lastKnownFileType = wrapper.framework; name = Foundation.framework; path = System/Library/Frameworks/Foundation.framework; sourceTree = SDKROOT; };
		036701591913F20800061E4E /* CoreGraphics.framework */ = {isa = PBXFileReference; lastKnownFileType = wrapper.framework; name = CoreGraphics.framework; path = System/Library/Frameworks/CoreGraphics.framework; sourceTree = SDKROOT; };
		0367015B1913F20800061E4E /* UIKit.framework */ = {isa = PBXFileReference; lastKnownFileType = wrapper.framework; name = UIKit.framework; path = System/Library/Frameworks/UIKit.framework; sourceTree = SDKROOT; };
		0367015F1913F20800061E4E /* ShoppingBag-Info.plist */ = {isa = PBXFileReference; lastKnownFileType = text.plist.xml; path = "ShoppingBag-Info.plist"; sourceTree = "<group>"; };
		036701611913F20800061E4E /* en */ = {isa = PBXFileReference; lastKnownFileType = text.plist.strings; name = en; path = en.lproj/InfoPlist.strings; sourceTree = "<group>"; };
		036701631913F20800061E4E /* main.m */ = {isa = PBXFileReference; lastKnownFileType = sourcecode.c.objc; path = main.m; sourceTree = "<group>"; };
		036701651913F20800061E4E /* ShoppingBag-Prefix.pch */ = {isa = PBXFileReference; lastKnownFileType = sourcecode.c.h; path = "ShoppingBag-Prefix.pch"; sourceTree = "<group>"; };
		036701661913F20800061E4E /* AppDelegate.h */ = {isa = PBXFileReference; lastKnownFileType = sourcecode.c.h; path = AppDelegate.h; sourceTree = "<group>"; };
		036701671913F20800061E4E /* AppDelegate.m */ = {isa = PBXFileReference; lastKnownFileType = sourcecode.c.objc; path = AppDelegate.m; sourceTree = "<group>"; };
		0367016A1913F20800061E4E /* Base */ = {isa = PBXFileReference; lastKnownFileType = file.storyboard; name = Base; path = Base.lproj/Main_iPhone.storyboard; sourceTree = "<group>"; };
		0367016D1913F20800061E4E /* Base */ = {isa = PBXFileReference; lastKnownFileType = file.storyboard; name = Base; path = Base.lproj/Main_iPad.storyboard; sourceTree = "<group>"; };
		0367016F1913F20800061E4E /* ViewController.h */ = {isa = PBXFileReference; lastKnownFileType = sourcecode.c.h; path = ViewController.h; sourceTree = "<group>"; };
		036701701913F20800061E4E /* ViewController.m */ = {isa = PBXFileReference; lastKnownFileType = sourcecode.c.objc; path = ViewController.m; sourceTree = "<group>"; };
		036701721913F20800061E4E /* Images.xcassets */ = {isa = PBXFileReference; lastKnownFileType = folder.assetcatalog; path = Images.xcassets; sourceTree = "<group>"; };
		036701781913F20800061E4E /* ShoppingBagTests.xctest */ = {isa = PBXFileReference; explicitFileType = wrapper.cfbundle; includeInIndex = 0; path = ShoppingBagTests.xctest; sourceTree = BUILT_PRODUCTS_DIR; };
		036701791913F20800061E4E /* XCTest.framework */ = {isa = PBXFileReference; lastKnownFileType = wrapper.framework; name = XCTest.framework; path = Library/Frameworks/XCTest.framework; sourceTree = DEVELOPER_DIR; };
		036701811913F20800061E4E /* ShoppingBagTests-Info.plist */ = {isa = PBXFileReference; lastKnownFileType = text.plist.xml; path = "ShoppingBagTests-Info.plist"; sourceTree = "<group>"; };
		036701831913F20800061E4E /* en */ = {isa = PBXFileReference; lastKnownFileType = text.plist.strings; name = en; path = en.lproj/InfoPlist.strings; sourceTree = "<group>"; };
		036701851913F20800061E4E /* ShoppingBagTests.m */ = {isa = PBXFileReference; lastKnownFileType = sourcecode.c.objc; path = ShoppingBagTests.m; sourceTree = "<group>"; };
		0367018F1913F2A400061E4E /* TesseractOCR.framework */ = {isa = PBXFileReference; lastKnownFileType = wrapper.framework; path = TesseractOCR.framework; sourceTree = "<group>"; };
		036701911913F33C00061E4E /* libstdc++.6.0.9.dylib */ = {isa = PBXFileReference; lastKnownFileType = "compiled.mach-o.dylib"; name = "libstdc++.6.0.9.dylib"; path = "usr/lib/libstdc++.6.0.9.dylib"; sourceTree = SDKROOT; };
		036701941913F50300061E4E /* eng.traineddata */ = {isa = PBXFileReference; lastKnownFileType = file; path = eng.traineddata; sourceTree = "<group>"; };
		036701951913F50300061E4E /* equ.traineddata */ = {isa = PBXFileReference; lastKnownFileType = file; path = equ.traineddata; sourceTree = "<group>"; };
		036701961913F50300061E4E /* grc.traineddata */ = {isa = PBXFileReference; lastKnownFileType = file; path = grc.traineddata; sourceTree = "<group>"; };
		036701971913F50300061E4E /* ita.traineddata */ = {isa = PBXFileReference; lastKnownFileType = file; path = ita.traineddata; sourceTree = "<group>"; };
/* End PBXFileReference section */

/* Begin PBXFrameworksBuildPhase section */
		036701511913F20800061E4E /* Frameworks */ = {
			isa = PBXFrameworksBuildPhase;
			buildActionMask = 2147483647;
			files = (
				036701921913F33C00061E4E /* libstdc++.6.0.9.dylib in Frameworks */,
				036701901913F2A400061E4E /* TesseractOCR.framework in Frameworks */,
				0367015A1913F20800061E4E /* CoreGraphics.framework in Frameworks */,
				0367015C1913F20800061E4E /* UIKit.framework in Frameworks */,
				036701581913F20800061E4E /* Foundation.framework in Frameworks */,
			);
			runOnlyForDeploymentPostprocessing = 0;
		};
		036701751913F20800061E4E /* Frameworks */ = {
			isa = PBXFrameworksBuildPhase;
			buildActionMask = 2147483647;
			files = (
				0367017A1913F20800061E4E /* XCTest.framework in Frameworks */,
				0367017C1913F20800061E4E /* UIKit.framework in Frameworks */,
				0367017B1913F20800061E4E /* Foundation.framework in Frameworks */,
			);
			runOnlyForDeploymentPostprocessing = 0;
		};
/* End PBXFrameworksBuildPhase section */

/* Begin PBXGroup section */
		0367014B1913F20800061E4E = {
			isa = PBXGroup;
			children = (
				0367015D1913F20800061E4E /* ShoppingBag */,
				0367017F1913F20800061E4E /* ShoppingBagTests */,
				036701561913F20800061E4E /* Frameworks */,
				036701551913F20800061E4E /* Products */,
			);
			sourceTree = "<group>";
		};
		036701551913F20800061E4E /* Products */ = {
			isa = PBXGroup;
			children = (
				036701541913F20800061E4E /* ShoppingBag.app */,
				036701781913F20800061E4E /* ShoppingBagTests.xctest */,
			);
			name = Products;
			sourceTree = "<group>";
		};
		036701561913F20800061E4E /* Frameworks */ = {
			isa = PBXGroup;
			children = (
				036701911913F33C00061E4E /* libstdc++.6.0.9.dylib */,
				0367018F1913F2A400061E4E /* TesseractOCR.framework */,
				036701571913F20800061E4E /* Foundation.framework */,
				036701591913F20800061E4E /* CoreGraphics.framework */,
				0367015B1913F20800061E4E /* UIKit.framework */,
				036701791913F20800061E4E /* XCTest.framework */,
			);
			name = Frameworks;
			sourceTree = "<group>";
		};
		0367015D1913F20800061E4E /* ShoppingBag */ = {
			isa = PBXGroup;
			children = (
				036701931913F50300061E4E /* tessdata */,
				036701661913F20800061E4E /* AppDelegate.h */,
				036701671913F20800061E4E /* AppDelegate.m */,
				036701691913F20800061E4E /* Main_iPhone.storyboard */,
				0367016C1913F20800061E4E /* Main_iPad.storyboard */,
				0367016F1913F20800061E4E /* ViewController.h */,
				036701701913F20800061E4E /* ViewController.m */,
				036701721913F20800061E4E /* Images.xcassets */,
				0367015E1913F20800061E4E /* Supporting Files */,
			);
			path = ShoppingBag;
			sourceTree = "<group>";
		};
		0367015E1913F20800061E4E /* Supporting Files */ = {
			isa = PBXGroup;
			children = (
				0367015F1913F20800061E4E /* ShoppingBag-Info.plist */,
				036701601913F20800061E4E /* InfoPlist.strings */,
				036701631913F20800061E4E /* main.m */,
				036701651913F20800061E4E /* ShoppingBag-Prefix.pch */,
			);
			name = "Supporting Files";
			sourceTree = "<group>";
		};
		0367017F1913F20800061E4E /* ShoppingBagTests */ = {
			isa = PBXGroup;
			children = (
				036701851913F20800061E4E /* ShoppingBagTests.m */,
				036701801913F20800061E4E /* Supporting Files */,
			);
			path = ShoppingBagTests;
			sourceTree = "<group>";
		};
		036701801913F20800061E4E /* Supporting Files */ = {
			isa = PBXGroup;
			children = (
				036701811913F20800061E4E /* ShoppingBagTests-Info.plist */,
				036701821913F20800061E4E /* InfoPlist.strings */,
			);
			name = "Supporting Files";
			sourceTree = "<group>";
		};
		036701931913F50300061E4E /* tessdata */ = {
			isa = PBXGroup;
			children = (
				036701941913F50300061E4E /* eng.traineddata */,
				036701951913F50300061E4E /* equ.traineddata */,
				036701961913F50300061E4E /* grc.traineddata */,
				036701971913F50300061E4E /* ita.traineddata */,
			);
			path = tessdata;
			sourceTree = "<group>";
		};
/* End PBXGroup section */

/* Begin PBXNativeTarget section */
		036701531913F20800061E4E /* ShoppingBag */ = {
			isa = PBXNativeTarget;
			buildConfigurationList = 036701891913F20800061E4E /* Build configuration list for PBXNativeTarget "ShoppingBag" */;
			buildPhases = (
				036701501913F20800061E4E /* Sources */,
				036701511913F20800061E4E /* Frameworks */,
				036701521913F20800061E4E /* Resources */,
			);
			buildRules = (
			);
			dependencies = (
			);
			name = ShoppingBag;
			productName = ShoppingBag;
			productReference = 036701541913F20800061E4E /* ShoppingBag.app */;
			productType = "com.apple.product-type.application";
		};
		036701771913F20800061E4E /* ShoppingBagTests */ = {
			isa = PBXNativeTarget;
			buildConfigurationList = 0367018C1913F20800061E4E /* Build configuration list for PBXNativeTarget "ShoppingBagTests" */;
			buildPhases = (
				036701741913F20800061E4E /* Sources */,
				036701751913F20800061E4E /* Frameworks */,
				036701761913F20800061E4E /* Resources */,
			);
			buildRules = (
			);
			dependencies = (
				0367017E1913F20800061E4E /* PBXTargetDependency */,
			);
			name = ShoppingBagTests;
			productName = ShoppingBagTests;
			productReference = 036701781913F20800061E4E /* ShoppingBagTests.xctest */;
			productType = "com.apple.product-type.bundle.unit-test";
		};
/* End PBXNativeTarget section */

/* Begin PBXProject section */
		0367014C1913F20800061E4E /* Project object */ = {
			isa = PBXProject;
			attributes = {
				LastUpgradeCheck = 0510;
				ORGANIZATIONNAME = Antonio081014.com;
				TargetAttributes = {
					036701771913F20800061E4E = {
						TestTargetID = 036701531913F20800061E4E;
					};
				};
			};
			buildConfigurationList = 0367014F1913F20800061E4E /* Build configuration list for PBXProject "ShoppingBag" */;
			compatibilityVersion = "Xcode 3.2";
			developmentRegion = English;
			hasScannedForEncodings = 0;
			knownRegions = (
				en,
				Base,
			);
			mainGroup = 0367014B1913F20800061E4E;
			productRefGroup = 036701551913F20800061E4E /* Products */;
			projectDirPath = "";
			projectRoot = "";
			targets = (
				036701531913F20800061E4E /* ShoppingBag */,
				036701771913F20800061E4E /* ShoppingBagTests */,
			);
		};
/* End PBXProject section */

/* Begin PBXResourcesBuildPhase section */
		036701521913F20800061E4E /* Resources */ = {
			isa = PBXResourcesBuildPhase;
			buildActionMask = 2147483647;
			files = (
				036701981913F50300061E4E /* eng.traineddata in Resources */,
				0367019A1913F50300061E4E /* grc.traineddata in Resources */,
				0367016E1913F20800061E4E /* Main_iPad.storyboard in Resources */,
				036701731913F20800061E4E /* Images.xcassets in Resources */,
				0367019B1913F50300061E4E /* ita.traineddata in Resources */,
				036701991913F50300061E4E /* equ.traineddata in Resources */,
				0367016B1913F20800061E4E /* Main_iPhone.storyboard in Resources */,
				036701621913F20800061E4E /* InfoPlist.strings in Resources */,
			);
			runOnlyForDeploymentPostprocessing = 0;
		};
		036701761913F20800061E4E /* Resources */ = {
			isa = PBXResourcesBuildPhase;
			buildActionMask = 2147483647;
			files = (
				036701841913F20800061E4E /* InfoPlist.strings in Resources */,
			);
			runOnlyForDeploymentPostprocessing = 0;
		};
/* End PBXResourcesBuildPhase section */

/* Begin PBXSourcesBuildPhase section */
		036701501913F20800061E4E /* Sources */ = {
			isa = PBXSourcesBuildPhase;
			buildActionMask = 2147483647;
			files = (
				036701711913F20800061E4E /* ViewController.m in Sources */,
				036701681913F20800061E4E /* AppDelegate.m in Sources */,
				036701641913F20800061E4E /* main.m in Sources */,
			);
			runOnlyForDeploymentPostprocessing = 0;
		};
		036701741913F20800061E4E /* Sources */ = {
			isa = PBXSourcesBuildPhase;
			buildActionMask = 2147483647;
			files = (
				036701861913F20800061E4E /* ShoppingBagTests.m in Sources */,
			);
			runOnlyForDeploymentPostprocessing = 0;
		};
/* End PBXSourcesBuildPhase section */

/* Begin PBXTargetDependency section */
		0367017E1913F20800061E4E /* PBXTargetDependency */ = {
			isa = PBXTargetDependency;
			target = 036701531913F20800061E4E /* ShoppingBag */;
			targetProxy = 0367017D1913F20800061E4E /* PBXContainerItemProxy */;
		};
/* End PBXTargetDependency section */

/* Begin PBXVariantGroup section */
		036701601913F20800061E4E /* InfoPlist.strings */ = {
			isa = PBXVariantGroup;
			children = (
				036701611913F20800061E4E /* en */,
			);
			name = InfoPlist.strings;
			sourceTree = "<group>";
		};
		036701691913F20800061E4E /* Main_iPhone.storyboard */ = {
			isa = PBXVariantGroup;
			children = (
				0367016A1913F20800061E4E /* Base */,
			);
			name = Main_iPhone.storyboard;
			sourceTree = "<group>";
		};
		0367016C1913F20800061E4E /* Main_iPad.storyboard */ = {
			isa = PBXVariantGroup;
			children = (
				0367016D1913F20800061E4E /* Base */,
			);
			name = Main_iPad.storyboard;
			sourceTree = "<group>";
		};
		036701821913F20800061E4E /* InfoPlist.strings */ = {
			isa = PBXVariantGroup;
			children = (
				036701831913F20800061E4E /* en */,
			);
			name = InfoPlist.strings;
			sourceTree = "<group>";
		};
/* End PBXVariantGroup section */

/* Begin XCBuildConfiguration section */
		036701871913F20800061E4E /* Debug */ = {
			isa = XCBuildConfiguration;
			buildSettings = {
				ALWAYS_SEARCH_USER_PATHS = NO;
				CLANG_CXX_LANGUAGE_STANDARD = "gnu++0x";
				CLANG_CXX_LIBRARY = "libc++";
				CLANG_ENABLE_MODULES = YES;
				CLANG_ENABLE_OBJC_ARC = YES;
				CLANG_WARN_BOOL_CONVERSION = YES;
				CLANG_WARN_CONSTANT_CONVERSION = YES;
				CLANG_WARN_DIRECT_OBJC_ISA_USAGE = YES_ERROR;
				CLANG_WARN_EMPTY_BODY = YES;
				CLANG_WARN_ENUM_CONVERSION = YES;
				CLANG_WARN_INT_CONVERSION = YES;
				CLANG_WARN_OBJC_ROOT_CLASS = YES_ERROR;
				CLANG_WARN__DUPLICATE_METHOD_MATCH = YES;
				"CODE_SIGN_IDENTITY[sdk=iphoneos*]" = "iPhone Developer";
				COPY_PHASE_STRIP = NO;
				GCC_C_LANGUAGE_STANDARD = gnu99;
				GCC_DYNAMIC_NO_PIC = NO;
				GCC_OPTIMIZATION_LEVEL = 0;
				GCC_PREPROCESSOR_DEFINITIONS = (
					"DEBUG=1",
					"$(inherited)",
				);
				GCC_SYMBOLS_PRIVATE_EXTERN = NO;
				GCC_WARN_64_TO_32_BIT_CONVERSION = YES;
				GCC_WARN_ABOUT_RETURN_TYPE = YES_ERROR;
				GCC_WARN_UNDECLARED_SELECTOR = YES;
				GCC_WARN_UNINITIALIZED_AUTOS = YES_AGGRESSIVE;
				GCC_WARN_UNUSED_FUNCTION = YES;
				GCC_WARN_UNUSED_VARIABLE = YES;
				IPHONEOS_DEPLOYMENT_TARGET = 7.1;
				ONLY_ACTIVE_ARCH = YES;
				OTHER_LDFLAGS = "-lstdc++";
				SDKROOT = iphoneos;
				TARGETED_DEVICE_FAMILY = "1,2";
			};
			name = Debug;
		};
		036701881913F20800061E4E /* Release */ = {
			isa = XCBuildConfiguration;
			buildSettings = {
				ALWAYS_SEARCH_USER_PATHS = NO;
				CLANG_CXX_LANGUAGE_STANDARD = "gnu++0x";
				CLANG_CXX_LIBRARY = "libc++";
				CLANG_ENABLE_MODULES = YES;
				CLANG_ENABLE_OBJC_ARC = YES;
				CLANG_WARN_BOOL_CONVERSION = YES;
				CLANG_WARN_CONSTANT_CONVERSION = YES;
				CLANG_WARN_DIRECT_OBJC_ISA_USAGE = YES_ERROR;
				CLANG_WARN_EMPTY_BODY = YES;
				CLANG_WARN_ENUM_CONVERSION = YES;
				CLANG_WARN_INT_CONVERSION = YES;
				CLANG_WARN_OBJC_ROOT_CLASS = YES_ERROR;
				CLANG_WARN__DUPLICATE_METHOD_MATCH = YES;
				"CODE_SIGN_IDENTITY[sdk=iphoneos*]" = "iPhone Developer";
				COPY_PHASE_STRIP = YES;
				ENABLE_NS_ASSERTIONS = NO;
				GCC_C_LANGUAGE_STANDARD = gnu99;
				GCC_WARN_64_TO_32_BIT_CONVERSION = YES;
				GCC_WARN_ABOUT_RETURN_TYPE = YES_ERROR;
				GCC_WARN_UNDECLARED_SELECTOR = YES;
				GCC_WARN_UNINITIALIZED_AUTOS = YES_AGGRESSIVE;
				GCC_WARN_UNUSED_FUNCTION = YES;
				GCC_WARN_UNUSED_VARIABLE = YES;
				IPHONEOS_DEPLOYMENT_TARGET = 7.1;
				OTHER_LDFLAGS = "-lstdc++";
				SDKROOT = iphoneos;
				TARGETED_DEVICE_FAMILY = "1,2";
				VALIDATE_PRODUCT = YES;
			};
			name = Release;
		};
		0367018A1913F20800061E4E /* Debug */ = {
			isa = XCBuildConfiguration;
			buildSettings = {
				ASSETCATALOG_COMPILER_APPICON_NAME = AppIcon;
				ASSETCATALOG_COMPILER_LAUNCHIMAGE_NAME = LaunchImage;
				FRAMEWORK_SEARCH_PATHS = (
					"$(inherited)",
					"$(PROJECT_DIR)",
				);
				GCC_PRECOMPILE_PREFIX_HEADER = YES;
				GCC_PREFIX_HEADER = "ShoppingBag/ShoppingBag-Prefix.pch";
				INFOPLIST_FILE = "ShoppingBag/ShoppingBag-Info.plist";
				OTHER_LDFLAGS = "-lstdc++";
				PRODUCT_NAME = "$(TARGET_NAME)";
				WRAPPER_EXTENSION = app;
			};
			name = Debug;
		};
		0367018B1913F20800061E4E /* Release */ = {
			isa = XCBuildConfiguration;
			buildSettings = {
				ASSETCATALOG_COMPILER_APPICON_NAME = AppIcon;
				ASSETCATALOG_COMPILER_LAUNCHIMAGE_NAME = LaunchImage;
				FRAMEWORK_SEARCH_PATHS = (
					"$(inherited)",
					"$(PROJECT_DIR)",
				);
				GCC_PRECOMPILE_PREFIX_HEADER = YES;
				GCC_PREFIX_HEADER = "ShoppingBag/ShoppingBag-Prefix.pch";
				INFOPLIST_FILE = "ShoppingBag/ShoppingBag-Info.plist";
				OTHER_LDFLAGS = "-lstdc++";
				PRODUCT_NAME = "$(TARGET_NAME)";
				WRAPPER_EXTENSION = app;
			};
			name = Release;
		};
		0367018D1913F20800061E4E /* Debug */ = {
			isa = XCBuildConfiguration;
			buildSettings = {
				BUNDLE_LOADER = "$(BUILT_PRODUCTS_DIR)/ShoppingBag.app/ShoppingBag";
				FRAMEWORK_SEARCH_PATHS = (
					"$(SDKROOT)/Developer/Library/Frameworks",
					"$(inherited)",
					"$(DEVELOPER_FRAMEWORKS_DIR)",
				);
				GCC_PRECOMPILE_PREFIX_HEADER = YES;
				GCC_PREFIX_HEADER = "ShoppingBag/ShoppingBag-Prefix.pch";
				GCC_PREPROCESSOR_DEFINITIONS = (
					"DEBUG=1",
					"$(inherited)",
				);
				INFOPLIST_FILE = "ShoppingBagTests/ShoppingBagTests-Info.plist";
				PRODUCT_NAME = "$(TARGET_NAME)";
				TEST_HOST = "$(BUNDLE_LOADER)";
				WRAPPER_EXTENSION = xctest;
			};
			name = Debug;
		};
		0367018E1913F20800061E4E /* Release */ = {
			isa = XCBuildConfiguration;
			buildSettings = {
				BUNDLE_LOADER = "$(BUILT_PRODUCTS_DIR)/ShoppingBag.app/ShoppingBag";
				FRAMEWORK_SEARCH_PATHS = (
					"$(SDKROOT)/Developer/Library/Frameworks",
					"$(inherited)",
					"$(DEVELOPER_FRAMEWORKS_DIR)",
				);
				GCC_PRECOMPILE_PREFIX_HEADER = YES;
				GCC_PREFIX_HEADER = "ShoppingBag/ShoppingBag-Prefix.pch";
				INFOPLIST_FILE = "ShoppingBagTests/ShoppingBagTests-Info.plist";
				PRODUCT_NAME = "$(TARGET_NAME)";
				TEST_HOST = "$(BUNDLE_LOADER)";
				WRAPPER_EXTENSION = xctest;
			};
			name = Release;
		};
/* End XCBuildConfiguration section */

/* Begin XCConfigurationList section */
		0367014F1913F20800061E4E /* Build configuration list for PBXProject "ShoppingBag" */ = {
			isa = XCConfigurationList;
			buildConfigurations = (
				036701871913F20800061E4E /* Debug */,
				036701881913F20800061E4E /* Release */,
			);
			defaultConfigurationIsVisible = 0;
			defaultConfigurationName = Release;
		};
		036701891913F20800061E4E /* Build configuration list for PBXNativeTarget "ShoppingBag" */ = {
			isa = XCConfigurationList;
			buildConfigurations = (
				0367018A1913F20800061E4E /* Debug */,
				0367018B1913F20800061E4E /* Release */,
			);
			defaultConfigurationIsVisible = 0;
		};
		0367018C1913F20800061E4E /* Build configuration list for PBXNativeTarget "ShoppingBagTests" */ = {
			isa = XCConfigurationList;
			buildConfigurations = (
				0367018D1913F20800061E4E /* Debug */,
				0367018E1913F20800061E4E /* Release */,
			);
			defaultConfigurationIsVisible = 0;
		};
/* End XCConfigurationList section */
	};
	rootObject = 0367014C1913F20800061E4E /* Project object */;
}
